
Microsoft Visual Studio Solution File, Format Version 12.00
# Visual Studio Version 16
VisualStudioVersion = 16.0.31005.135
MinimumVisualStudioVersion = 10.0.40219.1
Project("{FAE04EC0-301F-11D3-BF4B-00C04F79EFBC}") = "DIO.bank", "DIO.bank.csproj", "{90A00398-B4E9-42D9-BDEA-F9F78BE76330}"
EndProject
Global
	GlobalSection(SolutionConfigurationPlatforms) = preSolution
		Debug|Any CPU = Debug|Any CPU
		Release|Any CPU = Release|Any CPU
	EndGlobalSection
	GlobalSection(ProjectConfigurationPlatforms) = postSolution
		{90A00398-B4E9-42D9-BDEA-F9F78BE76330}.Debug|Any CPU.ActiveCfg = Debug|Any CPU
		{90A00398-B4E9-42D9-BDEA-F9F78BE76330}.Debug|Any CPU.Build.0 = Debug|Any CPU
		{90A00398-B4E9-42D9-BDEA-F9F78BE76330}.Release|Any CPU.ActiveCfg = Release|Any CPU
		{90A00398-B4E9-42D9-BDEA-F9F78BE76330}.Release|Any CPU.Build.0 = Release|Any CPU
	EndGlobalSection
	GlobalSection(SolutionProperties) = preSolution
		HideSolutionNode = FALSE
	EndGlobalSection
	GlobalSection(ExtensibilityGlobals) = postSolution
		SolutionGuid = {EC023718-7912-4348-8EAF-A628C74BD08D}
	EndGlobalSection
EndGlobal
